{
  "name": "collection",
  "version": "1.0.0",
  "lockfileVersion": 1,
  "requires": true,
  "dependencies": {
    "ajv": {
      "version": "6.12.6",
      "resolved": "https://registry.npmjs.org/ajv/-/ajv-6.12.6.tgz",
      "integrity": "sha512-j3fVLgvTo527anyYyJOGTYJbG+vnnQYvE0m5mmkc1TK+nxAppkCLMIL0aZ4dblVCNoGShhm+kzE4ZUykBoMg4g==",
      "requires": {
        "fast-deep-equal": "^3.1.1",
        "fast-json-stable-stringify": "^2.0.0",
        "json-schema-traverse": "^0.4.1",
        "uri-js": "^4.2.2"
      },
      "dependencies": {
        "fast-deep-equal": {
          "version": "3.1.3",
          "resolved": "https://registry.npmjs.org/fast-deep-equal/-/fast-deep-equal-3.1.3.tgz",
          "integrity": "sha512-f3qQ9oQy9j2AhBe/H9VC91wLmKBCCU/gDOnKNAYG5hswO7BLKj09Hc5HYNz9cGI++xlpDCIgDaitVs03ATR84Q=="
        }
      }
    },
    "asn1": {
      "version": "0.2.4",
      "resolved": "https://registry.npm.taobao.org/asn1/download/asn1-0.2.4.tgz",
      "integrity": "sha512-jxwzQpLQjSmWXgwaCZE9Nz+glAG01yF1QnWgbhGwHI5A6FRIEY6IVqtHhIepHqI7/kyEyQEagBC5mBEFlIYvdg==",
      "requires": {
        "safer-buffer": "~2.1.0"
      },
      "dependencies": {
        "safer-buffer": {
          "version": "2.1.2",
          "resolved": "https://registry.npm.taobao.org/safer-buffer/download/safer-buffer-2.1.2.tgz",
          "integrity": "sha512-YZo3K82SD7Riyi0E1EQPojLz7kpepnSQI9IyPbHHg1XXXevb5dJI7tpyN2ADxGcQbHG7vcyRHk0cbwqcQriUtg=="
        }
      }
    },
    "aws-sign2": {
      "version": "0.7.0",
      "resolved": "https://registry.npm.taobao.org/aws-sign2/download/aws-sign2-0.7.0.tgz",
      "integrity": "sha512-08kcGqnYf/YmjoRhfxyu+CLxBjUtHLXLXX/vUfx9l2LYzG3c1m61nrpyFUZI6zeS+Li/wWMMidD9KgrqtGq3mA=="
    },
    "aws4": {
      "version": "1.8.0",
      "resolved": "https://registry.npm.taobao.org/aws4/download/aws4-1.8.0.tgz?cache=0&other_urls=https%3A%2F%2Fregistry.npm.taobao.org%2Faws4%2Fdownload%2Faws4-1.8.0.tgz",
      "integrity": "sha512-ReZxvNHIOv88FlT7rxcXIIC0fPt4KZqZbOlivyWtXLt8ESx84zd3kMC6iK5jVeS2qt+g7ftS7ye4fi06X5rtRQ=="
    },
    "bcrypt-pbkdf": {
      "version": "1.0.2",
      "resolved": "https://registry.npm.taobao.org/bcrypt-pbkdf/download/bcrypt-pbkdf-1.0.2.tgz",
      "integrity": "sha512-qeFIXtP4MSoi6NLqO12WfqARWWuCKi2Rn/9hJLEmtB5yTNr9DqFWkJRCf2qShWzPeAMRnOgCrq0sg/KLv5ES9w==",
      "requires": {
        "tweetnacl": "^0.14.3"
      },
      "dependencies": {
        "tweetnacl": {
          "version": "0.14.5",
          "resolved": "https://registry.npm.taobao.org/tweetnacl/download/tweetnacl-0.14.5.tgz",
          "integrity": "sha512-KXXFFdAbFXY4geFIwoyNK+f5Z1b7swfXABfL7HXCmoIWMKU3dmS26672A4EeQtDzLKy7SXmfBu51JolvEKwtGA=="
        }
      }
    },
    "buffer": {
      "version": "5.2.1",
      "resolved": "https://registry.npm.taobao.org/buffer/download/buffer-5.2.1.tgz",
      "integrity": "sha512-c+Ko0loDaFfuPWiL02ls9Xd3GO3cPVmUobQ6t3rXNUk304u6hGq+8N/kFi+QEIKhzK3uwolVhLzszmfLmMLnqg==",
      "requires": {
        "base64-js": "^1.0.2",
        "ieee754": "^1.1.4"
      },
      "dependencies": {
        "base64-js": {
          "version": "1.3.0",
          "resolved": "https://registry.npm.taobao.org/base64-js/download/base64-js-1.3.0.tgz",
          "integrity": "sha512-ccav/yGvoa80BQDljCxsmmQ3Xvx60/UpBIij5QN21W3wBi/hhIC9OoO+KLpu9IJTS9j4DRVJ3aDDF9cMSoa2lw=="
        },
        "ieee754": {
          "version": "1.1.13",
          "resolved": "https://registry.npm.taobao.org/ieee754/download/ieee754-1.1.13.tgz",
          "integrity": "sha512-4vf7I2LYV/HaWerSo3XmlMkp5eZ83i+/CDluXi/IGTs/O1sejBNhTtnxzmRZfvOUqj7lZjqHkeTvpgSFDlWZTg=="
        }
      }
    },
    "caseless": {
      "version": "0.12.0",
      "resolved": "https://registry.npm.taobao.org/caseless/download/caseless-0.12.0.tgz",
      "integrity": "sha512-4tYFyifaFfGacoiObjJegolkwSU4xQNGbVgUiNYVUxbQ2x2lUsFvY4hVgVzGiIe6WLOPqycWXA40l+PWsxthUw=="
    },
    "combined-stream": {
      "version": "1.0.8",
      "resolved": "https://registry.npm.taobao.org/combined-stream/download/combined-stream-1.0.8.tgz",
      "integrity": "sha512-FQN4MRfuJeHf7cBbBMJFXhKSDq+2kAArBlmRBvcvFE5BB1HZKXtSFASDhdlz9zOYwxh8lDdnvmMOe/+5cdoEdg==",
      "requires": {
        "delayed-stream": "~1.0.0"
      },
      "dependencies": {
        "delayed-stream": {
          "version": "1.0.0",
          "resolved": "https://registry.npm.taobao.org/delayed-stream/download/delayed-stream-1.0.0.tgz",
          "integrity": "sha512-ZySD7Nf91aLB0RxL4KGrKHBXl7Eds1DAmEdcoVawXnLD7SDhpNgtuII2aAkg7a7QS41jxPSZ17p4VdGnMHk3MQ=="
        }
      }
    },
    "dashdash": {
      "version": "1.14.1",
      "resolved": "https://registry.npm.taobao.org/dashdash/download/dashdash-1.14.1.tgz",
      "integrity": "sha512-jRFi8UDGo6j+odZiEpjazZaWqEal3w/basFjQHQEwVtZJGDpxbH1MeYluwCS8Xq5wmLJooDlMgvVarmWfGM44g==",
      "requires": {
        "assert-plus": "^1.0.0"
      },
      "dependencies": {
        "assert-plus": {
          "version": "1.0.0",
          "resolved": "https://registry.npm.taobao.org/assert-plus/download/assert-plus-1.0.0.tgz?cache=0&other_urls=https%3A%2F%2Fregistry.npm.taobao.org%2Fassert-plus%2Fdownload%2Fassert-plus-1.0.0.tgz",
          "integrity": "sha512-NfJ4UzBCcQGLDlQq7nHxH+tv3kyZ0hHQqF5BO6J7tNJeP5do1llPr8dZ8zHonfhAu0PHAdMkSo+8o0wxg9lZWw=="
        }
      }
    },
    "ecc-jsbn": {
      "version": "0.1.2",
      "resolved": "https://registry.npm.taobao.org/ecc-jsbn/download/ecc-jsbn-0.1.2.tgz",
      "integrity": "sha512-eh9O+hwRHNbG4BLTjEl3nw044CkGm5X6LoaCf7LPp7UU8Qrt47JYNi6nPX8xjW97TKGKm1ouctg0QSpZe9qrnw==",
      "requires": {
        "jsbn": "~0.1.0",
        "safer-buffer": "^2.1.0"
      },
      "dependencies": {
        "jsbn": {
          "version": "0.1.1",
          "resolved": "https://registry.npm.taobao.org/jsbn/download/jsbn-0.1.1.tgz",
          "integrity": "sha512-UVU9dibq2JcFWxQPA6KCqj5O42VOmAY3zQUfEKxU0KpTGXwNoCjkX1e13eHNvw/xPynt6pU0rZ1htjWTNTSXsg=="
        },
        "safer-buffer": {
          "version": "2.1.2",
          "resolved": "https://registry.npm.taobao.org/safer-buffer/download/safer-buffer-2.1.2.tgz",
          "integrity": "sha512-YZo3K82SD7Riyi0E1EQPojLz7kpepnSQI9IyPbHHg1XXXevb5dJI7tpyN2ADxGcQbHG7vcyRHk0cbwqcQriUtg=="
        }
      }
    },
    "extend": {
      "version": "3.0.2",
      "resolved": "https://registry.npm.taobao.org/extend/download/extend-3.0.2.tgz",
      "integrity": "sha512-fjquC59cD7CyW6urNXK0FBufkZcoiGG80wTuPujX590cB5Ttln20E2UB4S/WARVqhXffZl2LNgS+gQdPIIim/g=="
    },
    "fast-json-stable-stringify": {
      "version": "2.0.0",
      "resolved": "https://registry.npm.taobao.org/fast-json-stable-stringify/download/fast-json-stable-stringify-2.0.0.tgz?cache=0&other_urls=https%3A%2F%2Fregistry.npm.taobao.org%2Ffast-json-stable-stringify%2Fdownload%2Ffast-json-stable-stringify-2.0.0.tgz",
      "integrity": "sha512-eIgZvM9C3P05kg0qxfqaVU6Tma4QedCPIByQOcemV0vju8ot3cS2DpHi4m2G2JvbSMI152rjfLX0p1pkSdyPlQ=="
    },
    "forever-agent": {
      "version": "0.6.1",
      "resolved": "https://registry.npm.taobao.org/forever-agent/download/forever-agent-0.6.1.tgz",
      "integrity": "sha512-j0KLYPhm6zeac4lz3oJ3o65qvgQCcPubiyotZrXqEaG4hNagNYO8qdlUrX5vwqv9ohqeT/Z3j6+yW067yWWdUw=="
    },
    "form-data": {
      "version": "2.3.3",
      "resolved": "https://registry.npm.taobao.org/form-data/download/form-data-2.3.3.tgz",
      "integrity": "sha512-1lLKB2Mu3aGP1Q/2eCOx0fNbRMe7XdwktwOruhfqqd0rIJWwN4Dh+E3hrPSlDCXnSR7UtZ1N38rVXm+6+MEhJQ==",
      "requires": {
        "asynckit": "^0.4.0",
        "combined-stream": "^1.0.6",
        "mime-types": "^2.1.12"
      },
      "dependencies": {
        "asynckit": {
          "version": "0.4.0",
          "resolved": "https://registry.npm.taobao.org/asynckit/download/asynckit-0.4.0.tgz?cache=0&other_urls=https%3A%2F%2Fregistry.npm.taobao.org%2Fasynckit%2Fdownload%2Fasynckit-0.4.0.tgz",
          "integrity": "sha512-Oei9OH4tRh0YqU3GxhX79dM/mwVgvbZJaSNaRk+bshkj0S5cfHcgYakreBjrHwatXKbz+IoIdYLxrKim2MjW0Q=="
        },
        "combined-stream": {
          "version": "1.0.8",
          "resolved": "https://registry.npm.taobao.org/combined-stream/download/combined-stream-1.0.8.tgz",
          "integrity": "sha512-FQN4MRfuJeHf7cBbBMJFXhKSDq+2kAArBlmRBvcvFE5BB1HZKXtSFASDhdlz9zOYwxh8lDdnvmMOe/+5cdoEdg==",
          "requires": {
            "delayed-stream": "~1.0.0"
          },
          "dependencies": {
            "delayed-stream": {
              "version": "1.0.0",
              "resolved": "https://registry.npm.taobao.org/delayed-stream/download/delayed-stream-1.0.0.tgz",
              "integrity": "sha512-ZySD7Nf91aLB0RxL4KGrKHBXl7Eds1DAmEdcoVawXnLD7SDhpNgtuII2aAkg7a7QS41jxPSZ17p4VdGnMHk3MQ=="
            }
          }
        },
        "mime-types": {
          "version": "2.1.24",
          "resolved": "https://registry.npm.taobao.org/mime-types/download/mime-types-2.1.24.tgz",
          "integrity": "sha512-WaFHS3MCl5fapm3oLxU4eYDw77IQM2ACcxQ9RIxfaC3ooc6PFuBMGZZsYpvoXS5D5QTWPieo1jjLdAm3TBP3cQ==",
          "requires": {
            "mime-db": "1.40.0"
          }
        }
      }
    },
    "getpass": {
      "version": "0.1.7",
      "resolved": "https://registry.npm.taobao.org/getpass/download/getpass-0.1.7.tgz",
      "integrity": "sha512-0fzj9JxOLfJ+XGLhR8ze3unN0KZCgZwiSSDz168VERjK8Wl8kVSdcu2kspd4s4wtAa1y/qrVRiAA0WclVsu0ng==",
      "requires": {
        "assert-plus": "^1.0.0"
      },
      "dependencies": {
        "assert-plus": {
          "version": "1.0.0",
          "resolved": "https://registry.npm.taobao.org/assert-plus/download/assert-plus-1.0.0.tgz?cache=0&other_urls=https%3A%2F%2Fregistry.npm.taobao.org%2Fassert-plus%2Fdownload%2Fassert-plus-1.0.0.tgz",
          "integrity": "sha512-NfJ4UzBCcQGLDlQq7nHxH+tv3kyZ0hHQqF5BO6J7tNJeP5do1llPr8dZ8zHonfhAu0PHAdMkSo+8o0wxg9lZWw=="
        }
      }
    },
    "har-validator": {
      "version": "5.1.3",
      "resolved": "https://registry.npm.taobao.org/har-validator/download/har-validator-5.1.3.tgz?cache=0&other_urls=https%3A%2F%2Fregistry.npm.taobao.org%2Fhar-validator%2Fdownload%2Fhar-validator-5.1.3.tgz",
      "integrity": "sha512-sNvOCzEQNr/qrvJgc3UG/kD4QtlHycrzwS+6mfTrrSq97BvaYcPZZI1ZSqGSPR73Cxn4LKTD4PttRwfU7jWq5g==",
      "requires": {
        "ajv": "^6.5.5",
        "har-schema": "^2.0.0"
      },
      "dependencies": {
        "har-schema": {
          "version": "2.0.0",
          "resolved": "https://registry.npm.taobao.org/har-schema/download/har-schema-2.0.0.tgz",
          "integrity": "sha512-Oqluz6zhGX8cyRaTQlFMPw80bSJVG2x/cFb8ZPhUILGgHka9SsokCCOQgpveePerqidZOrT14ipqfJb7ILcW5Q=="
        }
      }
    },
    "has": {
      "version": "1.0.3",
      "resolved": "https://registry.npm.taobao.org/has/download/has-1.0.3.tgz",
      "integrity": "sha512-f2dvO0VU6Oej7RkWJGrehjbzMAjFp5/VKPp5tTpWIV4JHHZK1/BxbFRtf/siA2SWTe09caDmVtYYzWEIbBS4zw==",
      "requires": {
        "function-bind": "^1.1.1"
      },
      "dependencies": {
        "function-bind": {
          "version": "1.1.1",
          "resolved": "https://registry.npm.taobao.org/function-bind/download/function-bind-1.1.1.tgz",
          "integrity": "sha512-yIovAzMX49sF8Yl58fSCWJ5svSLuaibPxXQJFLmBObTuCr0Mf1KiPopGM9NiFjiYBCbfaa2Fh6breQ6ANVTI0A=="
        }
      }
    },
    "http-signature": {
      "version": "1.2.0",
      "resolved": "https://registry.npm.taobao.org/http-signature/download/http-signature-1.2.0.tgz",
      "integrity": "sha512-CAbnr6Rz4CYQkLYUtSNXxQPUH2gK8f3iWexVlsnMeD+GjlsQ0Xsy1cOX+mN3dtxYomRy21CiOzU8Uhw6OwncEQ==",
      "requires": {
        "assert-plus": "^1.0.0",
        "jsprim": "^1.2.2",
        "sshpk": "^1.7.0"
      },
      "dependencies": {
        "assert-plus": {
          "version": "1.0.0",
          "resolved": "https://registry.npm.taobao.org/assert-plus/download/assert-plus-1.0.0.tgz?cache=0&other_urls=https%3A%2F%2Fregistry.npm.taobao.org%2Fassert-plus%2Fdownload%2Fassert-plus-1.0.0.tgz",
          "integrity": "sha512-NfJ4UzBCcQGLDlQq7nHxH+tv3kyZ0hHQqF5BO6J7tNJeP5do1llPr8dZ8zHonfhAu0PHAdMkSo+8o0wxg9lZWw=="
        },
        "extsprintf": {
          "version": "1.3.0",
          "resolved": "https://registry.npmjs.org/extsprintf/-/extsprintf-1.3.0.tgz",
          "integrity": "sha1-lpGEQOMEGnpBT4xS48V06zw+HgU="
        },
        "jsprim": {
          "version": "1.4.1",
          "resolved": "https://registry.npm.taobao.org/jsprim/download/jsprim-1.4.1.tgz?cache=0&other_urls=https%3A%2F%2Fregistry.npm.taobao.org%2Fjsprim%2Fdownload%2Fjsprim-1.4.1.tgz",
          "integrity": "sha512-4Dj8Rf+fQ+/Pn7C5qeEX02op1WfOss3PKTE9Nsop3Dx+6UPxlm1dr/og7o2cRa5hNN07CACr4NFzRLtj/rjWog==",
          "requires": {
            "assert-plus": "1.0.0",
            "extsprintf": "1.3.0",
            "json-schema": "0.2.3",
            "verror": "1.10.0"
          }
        },
        "sshpk": {
          "version": "1.16.1",
          "resolved": "https://registry.npm.taobao.org/sshpk/download/sshpk-1.16.1.tgz",
          "integrity": "sha512-HXXqVUq7+pcKeLqqZj6mHFUMvXtOJt1uoUx09pFW6011inTMxqI8BA8PM95myrIyyKwdnzjdFjLiE6KBPVtJIg==",
          "requires": {
            "asn1": "~0.2.3",
            "assert-plus": "^1.0.0",
            "bcrypt-pbkdf": "^1.0.0",
            "dashdash": "^1.12.0",
            "ecc-jsbn": "~0.1.1",
            "getpass": "^0.1.1",
            "jsbn": "~0.1.0",
            "safer-buffer": "^2.0.2",
            "tweetnacl": "~0.14.0"
          }
        }
      }
    },
    "is-typedarray": {
      "version": "1.0.0",
      "resolved": "https://registry.npm.taobao.org/is-typedarray/download/is-typedarray-1.0.0.tgz",
      "integrity": "sha512-cyA56iCMHAh5CdzjJIa4aohJyeO1YbwLi3Jc35MmRU6poroFjIGZzUzupGiRPOjgHg9TLu43xbpwXk523fMxKA=="
    },
    "isstream": {
      "version": "0.1.2",
      "resolved": "https://registry.npm.taobao.org/isstream/download/isstream-0.1.2.tgz",
      "integrity": "sha512-Yljz7ffyPbrLpLngrMtZ7NduUgVvi6wG9RJ9IUcyCd59YQ911PBJphODUcbOVbqYfxe1wuYf/LJ8PauMRwsM/g=="
    },
    "jsbn": {
      "version": "0.1.1",
      "resolved": "https://registry.npm.taobao.org/jsbn/download/jsbn-0.1.1.tgz",
      "integrity": "sha512-UVU9dibq2JcFWxQPA6KCqj5O42VOmAY3zQUfEKxU0KpTGXwNoCjkX1e13eHNvw/xPynt6pU0rZ1htjWTNTSXsg=="
    },
    "json-schema": {
      "version": "0.2.3",
      "resolved": "https://registry.npm.taobao.org/json-schema/download/json-schema-0.2.3.tgz",
      "integrity": "sha512-a3xHnILGMtk+hDOqNwHzF6e2fNbiMrXZvxKQiEv2MlgQP+pjIOzqAmKYD2mDpXYE/44M7g+n9p2bKkYWDUcXCQ=="
    },
    "json-schema-traverse": {
      "version": "0.4.1",
      "resolved": "https://registry.npm.taobao.org/json-schema-traverse/download/json-schema-traverse-0.4.1.tgz",
      "integrity": "sha512-xbbCH5dCYU5T8LcEhhuh7HJ88HXuW3qsI3Y0zOZFKfZEHcpWiHU/Jxzk629Brsab/mMiHQti9wMP+845RPe3Vg=="
    },
    "json-stringify-safe": {
      "version": "5.0.1",
      "resolved": "https://registry.npm.taobao.org/json-stringify-safe/download/json-stringify-safe-5.0.1.tgz",
      "integrity": "sha512-ZClg6AaYvamvYEE82d3Iyd3vSSIjQ+odgjaTzRuO3s7toCdFKczob2i0zCh7JE8kWn17yvAWhUVxvqGwUalsRA=="
    },
    "long": {
      "version": "4.0.0",
      "resolved": "https://registry.npm.taobao.org/long/download/long-4.0.0.tgz",
      "integrity": "sha512-XsP+KhQif4bjX1kbuSiySJFNAehNxgLb6hPRGJ9QsUr8ajHkuXGdrHmFUTUUXhDwVX2R5bY4JNZEwbUiMhV+MA=="
    },
    "mime-db": {
      "version": "1.40.0",
      "resolved": "https://registry.npm.taobao.org/mime-db/download/mime-db-1.40.0.tgz?cache=0&other_urls=https%3A%2F%2Fregistry.npm.taobao.org%2Fmime-db%2Fdownload%2Fmime-db-1.40.0.tgz",
      "integrity": "sha512-jYdeOMPy9vnxEqFRRo6ZvTZ8d9oPb+k18PKoYNYUe2stVEBPPwsln/qWzdbmaIvnhZ9v2P+CuecK+fpUfsV2mA=="
    },
    "mime-types": {
      "version": "2.1.24",
      "resolved": "https://registry.npm.taobao.org/mime-types/download/mime-types-2.1.24.tgz",
      "integrity": "sha512-WaFHS3MCl5fapm3oLxU4eYDw77IQM2ACcxQ9RIxfaC3ooc6PFuBMGZZsYpvoXS5D5QTWPieo1jjLdAm3TBP3cQ==",
      "requires": {
        "mime-db": "1.40.0"
      },
      "dependencies": {
        "mime-db": {
          "version": "1.40.0",
          "resolved": "https://registry.npm.taobao.org/mime-db/download/mime-db-1.40.0.tgz?cache=0&other_urls=https%3A%2F%2Fregistry.npm.taobao.org%2Fmime-db%2Fdownload%2Fmime-db-1.40.0.tgz",
          "integrity": "sha512-jYdeOMPy9vnxEqFRRo6ZvTZ8d9oPb+k18PKoYNYUe2stVEBPPwsln/qWzdbmaIvnhZ9v2P+CuecK+fpUfsV2mA=="
        }
      }
    },
    "oauth-sign": {
      "version": "0.9.0",
      "resolved": "https://registry.npm.taobao.org/oauth-sign/download/oauth-sign-0.9.0.tgz",
      "integrity": "sha512-fexhUFFPTGV8ybAtSIGbV6gOkSv8UtRbDBnAyLQw4QPKkgNlsH2ByPGtMUqdWkos6YCRmAqViwgZrJc/mRDzZQ=="
    },
    "performance-now": {
      "version": "2.1.0",
      "resolved": "https://registry.npm.taobao.org/performance-now/download/performance-now-2.1.0.tgz",
      "integrity": "sha512-7EAHlyLHI56VEIdK57uwHdHKIaAGbnXPiw0yWbarQZOKaKpvUIgW0jWRVLiatnM+XXlSwsanIBH/hzGMJulMow=="
    },
    "protobufjs": {
      "version": "6.8.8",
      "resolved": "https://registry.npm.taobao.org/protobufjs/download/protobufjs-6.8.8.tgz",
      "integrity": "sha512-AAmHtD5pXgZfi7GMpllpO3q1Xw1OYldr+dMUlAnffGTAhqkg72WdmSY71uKBF/JuyiKs8psYbtKrhi0ASCD8qw==",
      "requires": {
        "@protobufjs/aspromise": "^1.1.2",
        "@protobufjs/base64": "^1.1.2",
        "@protobufjs/codegen": "^2.0.4",
        "@protobufjs/eventemitter": "^1.1.0",
        "@protobufjs/fetch": "^1.1.0",
        "@protobufjs/float": "^1.0.2",
        "@protobufjs/inquire": "^1.1.0",
        "@protobufjs/path": "^1.1.2",
        "@protobufjs/pool": "^1.1.0",
        "@protobufjs/utf8": "^1.1.0",
        "@types/long": "^4.0.0",
        "@types/node": "^10.1.0",
        "long": "^4.0.0"
      },
      "dependencies": {
        "@protobufjs/aspromise": {
          "version": "1.1.2",
          "resolved": "https://registry.npm.taobao.org/@protobufjs/aspromise/download/@protobufjs/aspromise-1.1.2.tgz",
          "integrity": "sha512-j+gKExEuLmKwvz3OgROXtrJ2UG2x8Ch2YZUxahh+s1F2HZ+wAceUNLkvy6zKCPVRkU++ZWQrdxsUeQXmcg4uoQ=="
        },
        "@protobufjs/base64": {
          "version": "1.1.2",
          "resolved": "https://registry.npm.taobao.org/@protobufjs/base64/download/@protobufjs/base64-1.1.2.tgz",
          "integrity": "sha512-AZkcAA5vnN/v4PDqKyMR5lx7hZttPDgClv83E//FMNhR2TMcLUhfRUBHCmSl0oi9zMgDDqRUJkSxO3wm85+XLg=="
        },
        "@protobufjs/codegen": {
          "version": "2.0.4",
          "resolved": "https://registry.npm.taobao.org/@protobufjs/codegen/download/@protobufjs/codegen-2.0.4.tgz",
          "integrity": "sha512-YyFaikqM5sH0ziFZCN3xDC7zeGaB/d0IUb9CATugHWbd1FRFwWwt4ld4OYMPWu5a3Xe01mGAULCdqhMlPl29Jg=="
        },
        "@protobufjs/eventemitter": {
          "version": "1.1.0",
          "resolved": "https://registry.npm.taobao.org/@protobufjs/eventemitter/download/@protobufjs/eventemitter-1.1.0.tgz",
          "integrity": "sha512-j9ednRT81vYJ9OfVuXG6ERSTdEL1xVsNgqpkxMsbIabzSo3goCjDIveeGv5d03om39ML71RdmrGNjG5SReBP/Q=="
        },
        "@protobufjs/fetch": {
          "version": "1.1.0",
          "resolved": "https://registry.npm.taobao.org/@protobufjs/fetch/download/@protobufjs/fetch-1.1.0.tgz",
          "integrity": "sha512-lljVXpqXebpsijW71PZaCYeIcE5on1w5DlQy5WH6GLbFryLUrBD4932W/E2BSpfRJWseIL4v/KPgBFxDOIdKpQ==",
          "requires": {
            "@protobufjs/aspromise": "^1.1.1",
            "@protobufjs/inquire": "^1.1.0"
          }
        },
        "@protobufjs/float": {
          "version": "1.0.2",
          "resolved": "https://registry.npm.taobao.org/@protobufjs/float/download/@protobufjs/float-1.0.2.tgz",
          "integrity": "sha512-Ddb+kVXlXst9d+R9PfTIxh1EdNkgoRe5tOX6t01f1lYWOvJnSPDBlG241QLzcyPdoNTsblLUdujGSE4RzrTZGQ=="
        },
        "@protobufjs/inquire": {
          "version": "1.1.0",
          "resolved": "https://registry.npm.taobao.org/@protobufjs/inquire/download/@protobufjs/inquire-1.1.0.tgz",
          "integrity": "sha512-kdSefcPdruJiFMVSbn801t4vFK7KB/5gd2fYvrxhuJYg8ILrmn9SKSX2tZdV6V+ksulWqS7aXjBcRXl3wHoD9Q=="
        },
        "@protobufjs/path": {
          "version": "1.1.2",
          "resolved": "https://registry.npm.taobao.org/@protobufjs/path/download/@protobufjs/path-1.1.2.tgz",
          "integrity": "sha512-6JOcJ5Tm08dOHAbdR3GrvP+yUUfkjG5ePsHYczMFLq3ZmMkAD98cDgcT2iA1lJ9NVwFd4tH/iSSoe44YWkltEA=="
        },
        "@protobufjs/pool": {
          "version": "1.1.0",
          "resolved": "https://registry.npm.taobao.org/@protobufjs/pool/download/@protobufjs/pool-1.1.0.tgz",
          "integrity": "sha512-0kELaGSIDBKvcgS4zkjz1PeddatrjYcmMWOlAuAPwAeccUrPHdUqo/J6LiymHHEiJT5NrF1UVwxY14f+fy4WQw=="
        },
        "@protobufjs/utf8": {
          "version": "1.1.0",
          "resolved": "https://registry.npm.taobao.org/@protobufjs/utf8/download/@protobufjs/utf8-1.1.0.tgz",
          "integrity": "sha512-Vvn3zZrhQZkkBE8LSuW3em98c0FwgO4nxzv6OdSxPKJIEKY2bGbHn+mhGIPerzI4twdxaP8/0+06HBpwf345Lw=="
        },
        "@types/long": {
          "version": "4.0.0",
          "resolved": "https://registry.npm.taobao.org/@types/long/download/@types/long-4.0.0.tgz",
          "integrity": "sha512-1w52Nyx4Gq47uuu0EVcsHBxZFJgurQ+rTKS3qMHxR1GY2T8c2AJYd6vZoZ9q1rupaDjU0yT+Jc2XTyXkjeMA+Q=="
        },
        "@types/node": {
          "version": "10.14.14",
          "resolved": "https://registry.npm.taobao.org/@types/node/download/@types/node-10.14.14.tgz",
          "integrity": "sha512-xXD08vZsvpv4xptQXj1+ky22f7ZoKu5ZNI/4l+/BXG3X+XaeZsmaFbbTKuhSE3NjjvRuZFxFf9sQBMXIcZNFMQ=="
        },
        "long": {
          "version": "4.0.0",
          "resolved": "https://registry.npm.taobao.org/long/download/long-4.0.0.tgz",
          "integrity": "sha512-XsP+KhQif4bjX1kbuSiySJFNAehNxgLb6hPRGJ9QsUr8ajHkuXGdrHmFUTUUXhDwVX2R5bY4JNZEwbUiMhV+MA=="
        }
      }
    },
    "qs": {
      "version": "6.5.2",
      "resolved": "https://registry.npm.taobao.org/qs/download/qs-6.5.2.tgz",
      "integrity": "sha512-N5ZAX4/LxJmF+7wN74pUD6qAh9/wnvdQcjq9TZjevvXzSUo7bfmw91saqMjzGS2xq91/odN2dW/WOl7qQHNDGA=="
    },
    "safe-buffer": {
      "version": "5.2.0",
      "resolved": "https://registry.npm.taobao.org/safe-buffer/download/safe-buffer-5.2.0.tgz",
      "integrity": "sha512-fZEwUGbVl7kouZs1jCdMLdt95hdIv0ZeHg6L7qPeciMZhZ+/gdesW4wgTARkrFWEpspjEATAzUGPG8N2jJiwbg=="
    },
    "safer-buffer": {
      "version": "2.1.2",
      "resolved": "https://registry.npm.taobao.org/safer-buffer/download/safer-buffer-2.1.2.tgz",
      "integrity": "sha512-YZo3K82SD7Riyi0E1EQPojLz7kpepnSQI9IyPbHHg1XXXevb5dJI7tpyN2ADxGcQbHG7vcyRHk0cbwqcQriUtg=="
    },
    "sax": {
      "version": "1.2.4",
      "resolved": "https://registry.npm.taobao.org/sax/download/sax-1.2.4.tgz",
      "integrity": "sha512-NqVDv9TpANUjFm0N8uM5GxL36UgKi9/atZw+x7YFnQ8ckwFGKrl4xX4yWtrey3UJm5nP1kUbnYgLopqWNSRhWw=="
    },
    "tcb-admin-node": {
      "version": "1.9.0",
      "resolved": "https://registry.npm.taobao.org/tcb-admin-node/download/tcb-admin-node-1.9.0.tgz",
      "integrity": "sha512-TYoBo66CEIIw1QzgK4Jq43G45zvBE6ZB35LbDV8wwLQvg6CiZHlmOTVZkgj2YZ8O87ELi+ZE3UBVNZM3nFa6lQ==",
      "requires": {
        "@cloudbase/database": "0.1.1",
        "is-regex": "^1.0.4",
        "lodash.merge": "^4.6.1",
        "request": "^2.87.0",
        "xml2js": "^0.4.19"
      },
      "dependencies": {
        "@cloudbase/database": {
          "version": "0.1.1",
          "resolved": "https://registry.npm.taobao.org/@cloudbase/database/download/@cloudbase/database-0.1.1.tgz",
          "integrity": "sha512-r6tSlzrDKvu27K9tlQYG6qFphw3ZmGECuch7J2ZKW93iLlqpaBVQdy5kBNKZkpjxrpVw9cZKoC2+k0wMqaTWtQ==",
          "requires": {
            "bson": "^4.0.2"
          },
          "dependencies": {
            "bson": {
              "version": "4.0.2",
              "resolved": "https://registry.npm.taobao.org/bson/download/bson-4.0.2.tgz",
              "integrity": "sha512-rBdCxMBCg2aR420e1oKUejjcuPZLTibA7zEhWAlliFWEwzuBCC9Dkp5r7VFFIQB2t1WVsvTbohry575mc7Xw5A==",
              "requires": {
                "buffer": "^5.1.0",
                "long": "^4.0.0"
              }
            }
          }
        },
        "is-regex": {
          "version": "1.0.4",
          "resolved": "https://registry.npm.taobao.org/is-regex/download/is-regex-1.0.4.tgz",
          "integrity": "sha512-WQgPrEkb1mPCWLSlLFuN1VziADSixANugwSkJfPRR73FNWIQQN+tR/t1zWfyES/Y9oag/XBtVsahFdfBku3Kyw==",
          "requires": {
            "has": "^1.0.1"
          }
        },
        "lodash.merge": {
          "version": "4.6.2",
          "resolved": "https://registry.npm.taobao.org/lodash.merge/download/lodash.merge-4.6.2.tgz",
          "integrity": "sha512-0KpjqXRVvrYyCsX1swR/XTK0va6VQkQM6MNo7PqW77ByjAhoARA8EfrP1N4+KlKj8YS0ZUCtRT/YUuhyYDujIQ=="
        },
        "request": {
          "version": "2.88.0",
          "resolved": "https://registry.npm.taobao.org/request/download/request-2.88.0.tgz?cache=0&other_urls=https%3A%2F%2Fregistry.npm.taobao.org%2Frequest%2Fdownload%2Frequest-2.88.0.tgz",
          "integrity": "sha512-NAqBSrijGLZdM0WZNsInLJpkJokL72XYjUpnB0iwsRgxh7dB6COrHnTBNwN0E+lHDAJzu7kLAkDeY08z2/A0hg==",
          "requires": {
            "aws-sign2": "~0.7.0",
            "aws4": "^1.8.0",
            "caseless": "~0.12.0",
            "combined-stream": "~1.0.6",
            "extend": "~3.0.2",
            "forever-agent": "~0.6.1",
            "form-data": "~2.3.2",
            "har-validator": "~5.1.0",
            "http-signature": "~1.2.0",
            "is-typedarray": "~1.0.0",
            "isstream": "~0.1.2",
            "json-stringify-safe": "~5.0.1",
            "mime-types": "~2.1.19",
            "oauth-sign": "~0.9.0",
            "performance-now": "^2.1.0",
            "qs": "~6.5.2",
            "safe-buffer": "^5.1.2",
            "tough-cookie": "~2.4.3",
            "tunnel-agent": "^0.6.0",
            "uuid": "^3.3.2"
          }
        },
        "xml2js": {
          "version": "0.4.19",
          "resolved": "https://registry.npm.taobao.org/xml2js/download/xml2js-0.4.19.tgz",
          "integrity": "sha512-esZnJZJOiJR9wWKMyuvSE1y6Dq5LCuJanqhxslH2bxM6duahNZ+HMpCLhBQGZkbX6xRf8x1Y2eJlgt2q3qo49Q==",
          "requires": {
            "sax": ">=0.6.0",
            "xmlbuilder": "~9.0.1"
          }
        }
      }
    },
    "tough-cookie": {
      "version": "2.4.3",
      "resolved": "https://registry.npm.taobao.org/tough-cookie/download/tough-cookie-2.4.3.tgz?cache=0&other_urls=https%3A%2F%2Fregistry.npm.taobao.org%2Ftough-cookie%2Fdownload%2Ftough-cookie-2.4.3.tgz",
      "integrity": "sha512-Q5srk/4vDM54WJsJio3XNn6K2sCG+CQ8G5Wz6bZhRZoAe/+TxjWB/GlFAnYEbkYVlON9FMk/fE3h2RLpPXo4lQ==",
      "requires": {
        "psl": "^1.1.24",
        "punycode": "^1.4.1"
      },
      "dependencies": {
        "psl": {
          "version": "1.3.0",
          "resolved": "https://registry.npm.taobao.org/psl/download/psl-1.3.0.tgz",
          "integrity": "sha512-avHdspHO+9rQTLbv1RO+MPYeP/SzsCoxofjVnHanETfQhTJrmB0HlDoW+EiN/R+C0BZ+gERab9NY0lPN2TxNag=="
        },
        "punycode": {
          "version": "1.4.1",
          "resolved": "https://registry.npmjs.org/punycode/-/punycode-1.4.1.tgz",
          "integrity": "sha1-wNWmOycYgArY4esPpSachN1BhF4="
        }
      }
    },
    "tslib": {
      "version": "1.10.0",
      "resolved": "https://registry.npm.taobao.org/tslib/download/tslib-1.10.0.tgz",
      "integrity": "sha512-qOebF53frne81cf0S9B41ByenJ3/IuH8yJKngAX35CmiZySA0khhkovshKK+jGCaMnVomla7gVlIcc3EvKPbTQ=="
    },
    "tunnel-agent": {
      "version": "0.6.0",
      "resolved": "https://registry.npm.taobao.org/tunnel-agent/download/tunnel-agent-0.6.0.tgz",
      "integrity": "sha512-McnNiV1l8RYeY8tBgEpuodCC1mLUdbSN+CYBL7kJsJNInOP8UjDDEwdk6Mw60vdLLrr5NHKZhMAOSrR2NZuQ+w==",
      "requires": {
        "safe-buffer": "^5.0.1"
      },
      "dependencies": {
        "safe-buffer": {
          "version": "5.2.0",
          "resolved": "https://registry.npm.taobao.org/safe-buffer/download/safe-buffer-5.2.0.tgz",
          "integrity": "sha512-fZEwUGbVl7kouZs1jCdMLdt95hdIv0ZeHg6L7qPeciMZhZ+/gdesW4wgTARkrFWEpspjEATAzUGPG8N2jJiwbg=="
        }
      }
    },
    "tweetnacl": {
      "version": "0.14.5",
      "resolved": "https://registry.npm.taobao.org/tweetnacl/download/tweetnacl-0.14.5.tgz",
      "integrity": "sha512-KXXFFdAbFXY4geFIwoyNK+f5Z1b7swfXABfL7HXCmoIWMKU3dmS26672A4EeQtDzLKy7SXmfBu51JolvEKwtGA=="
    },
    "uri-js": {
      "version": "4.2.2",
      "resolved": "https://registry.npm.taobao.org/uri-js/download/uri-js-4.2.2.tgz",
      "integrity": "sha512-KY9Frmirql91X2Qgjry0Wd4Y+YTdrdZheS8TFwvkbLWf/G5KNJDCh6pKL5OZctEW4+0Baa5idK2ZQuELRwPznQ==",
      "requires": {
        "punycode": "^2.1.0"
      },
      "dependencies": {
        "punycode": {
          "version": "2.1.1",
          "resolved": "https://registry.npm.taobao.org/punycode/download/punycode-2.1.1.tgz",
          "integrity": "sha512-XRsRjdf+j5ml+y/6GKHPZbrF/8p2Yga0JPtdqTIY2Xe5ohJPD9saDJJLPvp9+NSBprVvevdXZybnj2cv8OEd0A=="
        }
      }
    },
    "uuid": {
      "version": "3.3.2",
      "resolved": "https://registry.npm.taobao.org/uuid/download/uuid-3.3.2.tgz?cache=0&other_urls=https%3A%2F%2Fregistry.npm.taobao.org%2Fuuid%2Fdownload%2Fuuid-3.3.2.tgz",
      "integrity": "sha512-yXJmeNaw3DnnKAOKJE51sL/ZaYfWJRl1pK9dr19YFCu0ObS231AB1/LbqTKRAQ5kw8A90rA6fr4riOUpTZvQZA=="
    },
    "verror": {
      "version": "1.10.0",
      "resolved": "https://registry.npm.taobao.org/verror/download/verror-1.10.0.tgz",
      "integrity": "sha512-ZZKSmDAEFOijERBLkmYfJ+vmk3w+7hOLYDNkRCuRuMJGEmqYNCNLyBBFwWKVMhfwaEF3WOd0Zlw86U/WC/+nYw==",
      "requires": {
        "assert-plus": "^1.0.0",
        "core-util-is": "1.0.2",
        "extsprintf": "^1.2.0"
      },
      "dependencies": {
        "assert-plus": {
          "version": "1.0.0",
          "resolved": "https://registry.npm.taobao.org/assert-plus/download/assert-plus-1.0.0.tgz?cache=0&other_urls=https%3A%2F%2Fregistry.npm.taobao.org%2Fassert-plus%2Fdownload%2Fassert-plus-1.0.0.tgz",
          "integrity": "sha512-NfJ4UzBCcQGLDlQq7nHxH+tv3kyZ0hHQqF5BO6J7tNJeP5do1llPr8dZ8zHonfhAu0PHAdMkSo+8o0wxg9lZWw=="
        },
        "core-util-is": {
          "version": "1.0.2",
          "resolved": "https://registry.npm.taobao.org/core-util-is/download/core-util-is-1.0.2.tgz",
          "integrity": "sha512-3lqz5YjWTYnW6dlDa5TLaTCcShfar1e40rmcJVwCBJC6mWlFuj0eCHIElmG1g5kyuJ/GD+8Wn4FFCcz4gJPfaQ=="
        },
        "extsprintf": {
          "version": "1.4.0",
          "resolved": "https://registry.npm.taobao.org/extsprintf/download/extsprintf-1.4.0.tgz",
          "integrity": "sha512-6NW8DZ8pWBc5NbGYUiqqccj9dXnuSzilZYqprdKJBZsQodGH9IyUoFOGxIWVDcBzHMb8ET24aqx9p66tZEWZkA=="
        }
      }
    },
    "wx-server-sdk": {
      "version": "0.8.1",
      "resolved": "https://registry.npmjs.org/wx-server-sdk/-/wx-server-sdk-0.8.1.tgz",
      "integrity": "sha512-mE7O3E7GtRhqk1ukWw2+NiykaO5DaJYiMFCeHrwvekYTVL5Z2nFXnSrUx6nPg/vZ7LWWQbCgQlGOygBjj2+hkQ==",
      "requires": {
        "protobufjs": "6.8.8",
        "tcb-admin-node": "1.9.0",
        "tslib": "^1.9.3"
      }
    },
    "xmlbuilder": {
      "version": "9.0.7",
      "resolved": "https://registry.npm.taobao.org/xmlbuilder/download/xmlbuilder-9.0.7.tgz",
      "integrity": "sha512-7YXTQc3P2l9+0rjaUbLwMKRhtmwg1M1eDf6nag7urC7pIPYLD9W/jmzQ4ptRSUbodw5S0jfoGTflLemQibSpeQ=="
    }
  }
}
